
Microsoft Visual Studio Solution File, Format Version 12.00
# Visual Studio Version 16
VisualStudioVersion = 16.0.29102.190
MinimumVisualStudioVersion = 10.0.40219.1
Project("{FAE04EC0-301F-11D3-BF4B-00C04F79EFBC}") = "BankATMForm", "BankATMForm\BankATMForm.csproj", "{E21723E5-16CC-44AF-907D-7CC312662824}"
EndProject
Project("{FAE04EC0-301F-11D3-BF4B-00C04F79EFBC}") = "NorthwindCRUDExample", "NorthwindCRUDExample\NorthwindCRUDExample.csproj", "{2CC14CB6-3CEB-40BF-A62E-0266522D7CF8}"
EndProject
Global
	GlobalSection(SolutionConfigurationPlatforms) = preSolution
		Debug|Any CPU = Debug|Any CPU
		Release|Any CPU = Release|Any CPU
	EndGlobalSection
	GlobalSection(ProjectConfigurationPlatforms) = postSolution
		{E21723E5-16CC-44AF-907D-7CC312662824}.Debug|Any CPU.ActiveCfg = Debug|Any CPU
		{E21723E5-16CC-44AF-907D-7CC312662824}.Debug|Any CPU.Build.0 = Debug|Any CPU
		{E21723E5-16CC-44AF-907D-7CC312662824}.Release|Any CPU.ActiveCfg = Release|Any CPU
		{E21723E5-16CC-44AF-907D-7CC312662824}.Release|Any CPU.Build.0 = Release|Any CPU
		{2CC14CB6-3CEB-40BF-A62E-0266522D7CF8}.Debug|Any CPU.ActiveCfg = Debug|Any CPU
		{2CC14CB6-3CEB-40BF-A62E-0266522D7CF8}.Debug|Any CPU.Build.0 = Debug|Any CPU
		{2CC14CB6-3CEB-40BF-A62E-0266522D7CF8}.Release|Any CPU.ActiveCfg = Release|Any CPU
		{2CC14CB6-3CEB-40BF-A62E-0266522D7CF8}.Release|Any CPU.Build.0 = Release|Any CPU
	EndGlobalSection
	GlobalSection(SolutionProperties) = preSolution
		HideSolutionNode = FALSE
	EndGlobalSection
	GlobalSection(ExtensibilityGlobals) = postSolution
		SolutionGuid = {1DF54372-B1AD-43FA-809F-A30CE74A085A}
	EndGlobalSection
EndGlobal
